<Solution>
  <Project Path="KaraokeCodingChallenges.DuplicateDetection/KaraokeCodingChallenges.DuplicateDetection.csproj" Id="03ffc57a-acaa-479f-a7fa-74b7cd48fea9" />
  <Project Path="KaraokeCodingChallenges.FileValidation/KaraokeCodingChallenges.FileValidation.csproj" Id="5cb74215-7e41-4e71-8bd4-07d132d6ba9e" />
  <Project Path="KaraokeCodingChallenges.KaraokeFilePairing/KaraokeCodingChallenges.KaraokeFilePairing.csproj" Id="1149c48f-9176-4b73-9b8e-66b4e4719c95" />
  <Project Path="KaraokeCodingChallenges.LibraryScanner/KaraokeCodingChallenges.LibraryScanner.csproj" Id="f03023c2-4a18-4b5d-b667-9aa2c0971754" />
  <Project Path="KaraokeCodingChallenges.MediaLibrary/KaraokeCodingChallenges.MediaLibrary.csproj" Id="d4c11438-0c3a-42e4-adbc-d1198cde9ffe" />
  <Project Path="KaraokeCodingChallenges.MediaLibraryFiltering/KaraokeCodingChallenges.MediaLibraryFiltering.csproj" Id="f60f6151-54ed-4176-86b2-e34fd44b0605" />
  <Project Path="KaraokeCodingChallenges.MediaLibraryProcessor/KaraokeCodingChallenges.MediaLibraryProcessor.csproj" Id="76489397-28b4-4a5a-829b-514500fd8b3b" />
  <Project Path="KaraokeCodingChallenges.MediaLibraryQueries/KaraokeCodingChallenges.MediaLibraryQueries.csproj" Id="c3b9cfbc-5ce0-425a-b107-e983617dc845" />
  <Project Path="KaraokeCodingChallenges.MediaMetadata/KaraokeCodingChallenges.MediaMetadata.csproj" Id="63cd3358-cf09-45cb-9981-edb1e6d6b4a2" />
  <Project Path="KaraokeCodingChallenges.MediaMetadataScanner/KaraokeCodingChallenges.MediaMetadataScanner.csproj" Id="53840b86-1549-4744-b3af-c1a67d4cd783" />
  <Project Path="KaraokeCodingChallenges.MediaTrack/KaraokeCodingChallenges.MediaTrack.csproj" Id="d02d2f78-03fc-4c51-9461-763a409fd86b" />
  <Project Path="KaraokeCodingChallenges.MediaTypeDetection/KaraokeCodingChallenges.MediaTypeDetection.csproj" Id="90008a7f-7a6c-4229-b366-8239121843ca" />
  <Project Path="KaraokeCodingChallenges.MetadataResolution/KaraokeCodingChallenges.MetadataResolution.csproj" Id="1a50c92c-9ab7-4df1-964c-2822d3ec4f13" />
  <Project Path="KaraokeCodingChallenges.TrackSorting/KaraokeCodingChallenges.TrackSorting.csproj" Id="159b19c2-ceb7-4b1f-81e6-5d73b58d66ce" />
</Solution>