<Solution>
  <Project Path="KaraokeCodingChallenges.LibraryScanner/KaraokeCodingChallenges.LibraryScanner.csproj" Id="f03023c2-4a18-4b5d-b667-9aa2c0971754" />
  <Project Path="KaraokeCodingChallenges.MediaTrack/KaraokeCodingChallenges.MediaTrack.csproj" Id="d02d2f78-03fc-4c51-9461-763a409fd86b" />
</Solution>
